
Microsoft Visual Studio Solution File, Format Version 12.00
# Visual Studio 15
VisualStudioVersion = 15.0.28010.2041
MinimumVisualStudioVersion = 10.0.40219.1
Project("{FAE04EC0-301F-11D3-BF4B-00C04F79EFBC}") = "GeoData", "GeoData\GeoData.csproj", "{2DB2478C-629F-411D-87E8-E8C63278E5F1}"
EndProject
Project("{FAE04EC0-301F-11D3-BF4B-00C04F79EFBC}") = "GeoData.Test", "GeoData.Test\GeoData.Test.csproj", "{D63E1C09-BB74-4978-BC05-433DEC16E3DC}"
EndProject
Global
	GlobalSection(SolutionConfigurationPlatforms) = preSolution
		Debug|Any CPU = Debug|Any CPU
		Release|Any CPU = Release|Any CPU
	EndGlobalSection
	GlobalSection(ProjectConfigurationPlatforms) = postSolution
		{2DB2478C-629F-411D-87E8-E8C63278E5F1}.Debug|Any CPU.ActiveCfg = Debug|Any CPU
		{2DB2478C-629F-411D-87E8-E8C63278E5F1}.Debug|Any CPU.Build.0 = Debug|Any CPU
		{2DB2478C-629F-411D-87E8-E8C63278E5F1}.Release|Any CPU.ActiveCfg = Release|Any CPU
		{2DB2478C-629F-411D-87E8-E8C63278E5F1}.Release|Any CPU.Build.0 = Release|Any CPU
		{D63E1C09-BB74-4978-BC05-433DEC16E3DC}.Debug|Any CPU.ActiveCfg = Debug|Any CPU
		{D63E1C09-BB74-4978-BC05-433DEC16E3DC}.Debug|Any CPU.Build.0 = Debug|Any CPU
		{D63E1C09-BB74-4978-BC05-433DEC16E3DC}.Release|Any CPU.ActiveCfg = Release|Any CPU
		{D63E1C09-BB74-4978-BC05-433DEC16E3DC}.Release|Any CPU.Build.0 = Release|Any CPU
	EndGlobalSection
	GlobalSection(SolutionProperties) = preSolution
		HideSolutionNode = FALSE
	EndGlobalSection
	GlobalSection(ExtensibilityGlobals) = postSolution
		SolutionGuid = {59080201-2D10-45B1-8CCF-957D4428E53E}
	EndGlobalSection
EndGlobal
