
Microsoft Visual Studio Solution File, Format Version 12.00
# Visual Studio 15
VisualStudioVersion = 15.0.28010.2041
MinimumVisualStudioVersion = 10.0.40219.1
Project("{FAE04EC0-301F-11D3-BF4B-00C04F79EFBC}") = "GeoDataConsoleTest", "GeoDataConsoleTest\GeoDataConsoleTest.csproj", "{EB74AE13-2239-4B35-83D9-BAE44DA9265A}"
EndProject
Global
	GlobalSection(SolutionConfigurationPlatforms) = preSolution
		Debug|Any CPU = Debug|Any CPU
		Release|Any CPU = Release|Any CPU
	EndGlobalSection
	GlobalSection(ProjectConfigurationPlatforms) = postSolution
		{EB74AE13-2239-4B35-83D9-BAE44DA9265A}.Debug|Any CPU.ActiveCfg = Debug|Any CPU
		{EB74AE13-2239-4B35-83D9-BAE44DA9265A}.Debug|Any CPU.Build.0 = Debug|Any CPU
		{EB74AE13-2239-4B35-83D9-BAE44DA9265A}.Release|Any CPU.ActiveCfg = Release|Any CPU
		{EB74AE13-2239-4B35-83D9-BAE44DA9265A}.Release|Any CPU.Build.0 = Release|Any CPU
	EndGlobalSection
	GlobalSection(SolutionProperties) = preSolution
		HideSolutionNode = FALSE
	EndGlobalSection
	GlobalSection(ExtensibilityGlobals) = postSolution
		SolutionGuid = {486ED67D-519E-4567-A1B0-4987A518DA32}
	EndGlobalSection
EndGlobal
